// !$*UTF8*$!
{
	archiveVersion = 1;
	classes = {
	};
	objectVersion = 54;
	objects = {

/* Begin PBXBuildFile section */
		0EA6A88FE68640E6ED7F6807 /* Repo.swift in Sources */ = {isa = PBXBuildFile; fileRef = C34F67C4EB118D7638B7FDFD /* Repo.swift */; };
		22B6C84F80DB4982A027A752 /* libresolv.tbd in Frameworks */ = {isa = PBXBuildFile; fileRef = 9E014CFB9EA1256EB886BFB0 /* libresolv.tbd */; };
		34713C51DF26811D2DDA56FE /* FossilEngine.swift in Sources */ = {isa = PBXBuildFile; fileRef = 4419D95C1A6CEC9A0602CE16 /* FossilEngine.swift */; };
		3CFA09B0F5D843B2B6F6F8CE /* RepoListView.swift in Sources */ = {isa = PBXBuildFile; fileRef = 929ADAA2B0E5E4DDFA51199B /* RepoListView.swift */; };
		768E869C09E867CD115CDEA7 /* CredentialStore.swift in Sources */ = {isa = PBXBuildFile; fileRef = 6CD3D09FCE1513AC396ACAAC /* CredentialStore.swift */; };
		79DE7AE7C2E75D34EB445476 /* AddRepoView.swift in Sources */ = {isa = PBXBuildFile; fileRef = B381B11CAD790DF201810543 /* AddRepoView.swift */; };
		F256872F96B8DC6658F6B7E7 /* EditRemoteView.swift in Sources */ = {isa = PBXBuildFile; fileRef = E1B2028331DBACFDC79B3645 /* EditRemoteView.swift */; };
		8789F77DDA3470524DD8B778 /* RepoWebView.swift in Sources */ = {isa = PBXBuildFile; fileRef = D03A16783380AA7FE06F26BC /* RepoWebView.swift */; };
		5E771500A11A5EAA00000001 /* SettingsView.swift in Sources */ = {isa = PBXBuildFile; fileRef = 5E771500A11A5EAA00000002 /* SettingsView.swift */; };
		5E771500A11A5EAA00000005 /* RemoteSession.swift in Sources */ = {isa = PBXBuildFile; fileRef = 5E771500A11A5EAA00000007 /* RemoteSession.swift */; };
		5E771500A11A5EAA00000004 /* cacert.pem in Resources */ = {isa = PBXBuildFile; fileRef = 5E771500A11A5EAA00000003 /* cacert.pem */; };
		A71C0A8E1F1D4A8B9C0D1E2F /* Assets.xcassets in Resources */ = {isa = PBXBuildFile; fileRef = A71C0A8D1F1D4A8B9C0D1E2F /* Assets.xcassets */; };
		F33BB7558B0F18E48B07814C /* GpcrEditClient.swift in Sources */ = {isa = PBXBuildFile; fileRef = A2C8DFAE73FE049A388C3317 /* GpcrEditClient.swift */; };
		90E2445BED37E2BD6DD43370 /* PhraseRecognizer.swift in Sources */ = {isa = PBXBuildFile; fileRef = 1858E564976384C5C2DEE5A7 /* PhraseRecognizer.swift */; };
		058A00114029F0A4BA45822F /* GpcrEditView.swift in Sources */ = {isa = PBXBuildFile; fileRef = 76D528A1F250627ADF2E8367 /* GpcrEditView.swift */; };
		B19F241881A9D6F172D0661C /* BuildIdentityView.swift in Sources */ = {isa = PBXBuildFile; fileRef = 2A4DFE84072A9434AFB1BB7D /* BuildIdentityView.swift */; };
		A5F4E90DBE08A2A6963EF69E /* RepoStore.swift in Sources */ = {isa = PBXBuildFile; fileRef = CCECFED0E5D45BD3F63B711C /* RepoStore.swift */; };
		AE2F17F33799CEA5877AA62E /* FossilCore.xcframework in Frameworks */ = {isa = PBXBuildFile; fileRef = 0A17C29D5BBCAF5E27BD1389 /* FossilCore.xcframework */; };
		C1834116F1706E7EDCFE4453 /* StoneApp.swift in Sources */ = {isa = PBXBuildFile; fileRef = B327B30FE75F33C0EDBF37F5 /* StoneApp.swift */; };
		DC4CFDC297E0BF35ECFC4B95 /* libiconv.tbd in Frameworks */ = {isa = PBXBuildFile; fileRef = F9EA2AB04F790C358050645B /* libiconv.tbd */; };
		F950237064962AB4095E2A53 /* libz.tbd in Frameworks */ = {isa = PBXBuildFile; fileRef = 4D25049A3A3EBDD505883DBD /* libz.tbd */; };
		A1F0552BF88DCFFB3254E68B /* RepoStoreSyncCredentialTests.swift in Sources */ = {isa = PBXBuildFile; fileRef = 4E1ABCB26DDB3A1C7339580A /* RepoStoreSyncCredentialTests.swift */; };
		B77196F39E0D2DE9B4C46736 /* XCTest.framework in Frameworks */ = {isa = PBXBuildFile; fileRef = 617096E1A68C1784B86BDF02 /* XCTest.framework */; };
/* End PBXBuildFile section */

/* Begin PBXContainerItemProxy section */
		D87E5DE955B11BD280A11B8F /* PBXContainerItemProxy */ = {
			isa = PBXContainerItemProxy;
			containerPortal = 8631BC5990162C10C0F2F9F7 /* Project object */;
			proxyType = 1;
			remoteGlobalIDString = A84044D94B3AAA75AFBC785A;
			remoteInfo = Stone;
		};
/* End PBXContainerItemProxy section */

/* Begin PBXFileReference section */
		0A17C29D5BBCAF5E27BD1389 /* FossilCore.xcframework */ = {isa = PBXFileReference; lastKnownFileType = wrapper.xcframework; name = FossilCore.xcframework; path = Frameworks/FossilCore.xcframework; sourceTree = "<group>"; };
		123DE962F50955B8D07A576F /* Stone.app */ = {isa = PBXFileReference; includeInIndex = 0; lastKnownFileType = wrapper.application; path = Stone.app; sourceTree = BUILT_PRODUCTS_DIR; };
		13F0E07DC202C76EE911220E /* Info.plist */ = {isa = PBXFileReference; lastKnownFileType = text.plist; path = Info.plist; sourceTree = "<group>"; };
		1BE573DFBCB425BFAD6EF42D /* Stone-Bridging-Header.h */ = {isa = PBXFileReference; lastKnownFileType = sourcecode.c.h; path = "Stone-Bridging-Header.h"; sourceTree = "<group>"; };
		4419D95C1A6CEC9A0602CE16 /* FossilEngine.swift */ = {isa = PBXFileReference; lastKnownFileType = sourcecode.swift; path = FossilEngine.swift; sourceTree = "<group>"; };
		4D25049A3A3EBDD505883DBD /* libz.tbd */ = {isa = PBXFileReference; lastKnownFileType = "sourcecode.text-based-dylib-definition"; name = libz.tbd; path = usr/lib/libz.tbd; sourceTree = SDKROOT; };
		6CD3D09FCE1513AC396ACAAC /* CredentialStore.swift */ = {isa = PBXFileReference; lastKnownFileType = sourcecode.swift; path = CredentialStore.swift; sourceTree = "<group>"; };
		929ADAA2B0E5E4DDFA51199B /* RepoListView.swift */ = {isa = PBXFileReference; lastKnownFileType = sourcecode.swift; path = RepoListView.swift; sourceTree = "<group>"; };
		9E014CFB9EA1256EB886BFB0 /* libresolv.tbd */ = {isa = PBXFileReference; lastKnownFileType = "sourcecode.text-based-dylib-definition"; name = libresolv.tbd; path = usr/lib/libresolv.tbd; sourceTree = SDKROOT; };
		B327B30FE75F33C0EDBF37F5 /* StoneApp.swift */ = {isa = PBXFileReference; lastKnownFileType = sourcecode.swift; path = StoneApp.swift; sourceTree = "<group>"; };
		B381B11CAD790DF201810543 /* AddRepoView.swift */ = {isa = PBXFileReference; lastKnownFileType = sourcecode.swift; path = AddRepoView.swift; sourceTree = "<group>"; };
		E1B2028331DBACFDC79B3645 /* EditRemoteView.swift */ = {isa = PBXFileReference; lastKnownFileType = sourcecode.swift; path = EditRemoteView.swift; sourceTree = "<group>"; };
		C34F67C4EB118D7638B7FDFD /* Repo.swift */ = {isa = PBXFileReference; lastKnownFileType = sourcecode.swift; path = Repo.swift; sourceTree = "<group>"; };
		CCECFED0E5D45BD3F63B711C /* RepoStore.swift */ = {isa = PBXFileReference; lastKnownFileType = sourcecode.swift; path = RepoStore.swift; sourceTree = "<group>"; };
		D03A16783380AA7FE06F26BC /* RepoWebView.swift */ = {isa = PBXFileReference; lastKnownFileType = sourcecode.swift; path = RepoWebView.swift; sourceTree = "<group>"; };
		5E771500A11A5EAA00000002 /* SettingsView.swift */ = {isa = PBXFileReference; lastKnownFileType = sourcecode.swift; path = SettingsView.swift; sourceTree = "<group>"; };
		5E771500A11A5EAA00000007 /* RemoteSession.swift */ = {isa = PBXFileReference; lastKnownFileType = sourcecode.swift; path = RemoteSession.swift; sourceTree = "<group>"; };
		5E771500A11A5EAA00000003 /* cacert.pem */ = {isa = PBXFileReference; lastKnownFileType = text; name = cacert.pem; path = ../vendor/cacert.pem; sourceTree = SOURCE_ROOT; };
		A71C0A8D1F1D4A8B9C0D1E2F /* Assets.xcassets */ = {isa = PBXFileReference; lastKnownFileType = folder.assetcatalog; path = Assets.xcassets; sourceTree = "<group>"; };
		A2C8DFAE73FE049A388C3317 /* GpcrEditClient.swift */ = {isa = PBXFileReference; lastKnownFileType = sourcecode.swift; path = GpcrEditClient.swift; sourceTree = "<group>"; };
		1858E564976384C5C2DEE5A7 /* PhraseRecognizer.swift */ = {isa = PBXFileReference; lastKnownFileType = sourcecode.swift; path = PhraseRecognizer.swift; sourceTree = "<group>"; };
		76D528A1F250627ADF2E8367 /* GpcrEditView.swift */ = {isa = PBXFileReference; lastKnownFileType = sourcecode.swift; path = GpcrEditView.swift; sourceTree = "<group>"; };
		2A4DFE84072A9434AFB1BB7D /* BuildIdentityView.swift */ = {isa = PBXFileReference; lastKnownFileType = sourcecode.swift; path = BuildIdentityView.swift; sourceTree = "<group>"; };
		E832ED8C0E3636A5D9DDEF11 /* StoneFossil.h */ = {isa = PBXFileReference; lastKnownFileType = sourcecode.c.h; path = StoneFossil.h; sourceTree = "<group>"; };
		F9EA2AB04F790C358050645B /* libiconv.tbd */ = {isa = PBXFileReference; lastKnownFileType = "sourcecode.text-based-dylib-definition"; name = libiconv.tbd; path = usr/lib/libiconv.tbd; sourceTree = SDKROOT; };
		4E1ABCB26DDB3A1C7339580A /* RepoStoreSyncCredentialTests.swift */ = {isa = PBXFileReference; lastKnownFileType = sourcecode.swift; path = RepoStoreSyncCredentialTests.swift; sourceTree = "<group>"; };
		D62D5B0A5BBCBDA017DF842B /* StoneTests.xctest */ = {isa = PBXFileReference; explicitFileType = wrapper.cfbundle; includeInIndex = 0; path = StoneTests.xctest; sourceTree = BUILT_PRODUCTS_DIR; };
		617096E1A68C1784B86BDF02 /* XCTest.framework */ = {isa = PBXFileReference; lastKnownFileType = wrapper.framework; name = XCTest.framework; path = Library/Frameworks/XCTest.framework; sourceTree = DEVELOPER_DIR; };
/* End PBXFileReference section */

/* Begin PBXFrameworksBuildPhase section */
		4D135B8B728C07BEB741FAFE /* Frameworks */ = {
			isa = PBXFrameworksBuildPhase;
			buildActionMask = 2147483647;
			files = (
				AE2F17F33799CEA5877AA62E /* FossilCore.xcframework in Frameworks */,
				F950237064962AB4095E2A53 /* libz.tbd in Frameworks */,
				DC4CFDC297E0BF35ECFC4B95 /* libiconv.tbd in Frameworks */,
				22B6C84F80DB4982A027A752 /* libresolv.tbd in Frameworks */,
			);
			runOnlyForDeploymentPostprocessing = 0;
		};
		08396AAB9B277887D45B876C /* Frameworks */ = {
			isa = PBXFrameworksBuildPhase;
			buildActionMask = 2147483647;
			files = (
				B77196F39E0D2DE9B4C46736 /* XCTest.framework in Frameworks */,
			);
			runOnlyForDeploymentPostprocessing = 0;
		};
/* End PBXFrameworksBuildPhase section */

/* Begin PBXResourcesBuildPhase section */
		5E771500A11A5EAA00000006 /* Resources */ = {
			isa = PBXResourcesBuildPhase;
			buildActionMask = 2147483647;
			files = (
				5E771500A11A5EAA00000004 /* cacert.pem in Resources */,
				A71C0A8E1F1D4A8B9C0D1E2F /* Assets.xcassets in Resources */,
			);
			runOnlyForDeploymentPostprocessing = 0;
		};
/* End PBXResourcesBuildPhase section */

/* Begin PBXGroup section */
		087B7F199963E3FF9928A533 = {
			isa = PBXGroup;
			children = (
				C227466D6EBF2FF36215DE28 /* FossilBridge */,
				98A37D604EEDC9F2698B39E8 /* Stone */,
				D9ECE41236A1008847014D48 /* StoneTests */,
				3EA74049B2CF7293D26D862B /* Frameworks */,
				542797B83A462E80C83FBEF0 /* Products */,
			);
			sourceTree = "<group>";
		};
		3EA74049B2CF7293D26D862B /* Frameworks */ = {
			isa = PBXGroup;
			children = (
				0A17C29D5BBCAF5E27BD1389 /* FossilCore.xcframework */,
				F9EA2AB04F790C358050645B /* libiconv.tbd */,
				9E014CFB9EA1256EB886BFB0 /* libresolv.tbd */,
				4D25049A3A3EBDD505883DBD /* libz.tbd */,
				617096E1A68C1784B86BDF02 /* XCTest.framework */,
			);
			name = Frameworks;
			sourceTree = "<group>";
		};
		542797B83A462E80C83FBEF0 /* Products */ = {
			isa = PBXGroup;
			children = (
				123DE962F50955B8D07A576F /* Stone.app */,
				D62D5B0A5BBCBDA017DF842B /* StoneTests.xctest */,
			);
			name = Products;
			sourceTree = "<group>";
		};
		98A37D604EEDC9F2698B39E8 /* Stone */ = {
			isa = PBXGroup;
			children = (
				13F0E07DC202C76EE911220E /* Info.plist */,
				A71C0A8D1F1D4A8B9C0D1E2F /* Assets.xcassets */,
				5E771500A11A5EAA00000003 /* cacert.pem */,
				1BE573DFBCB425BFAD6EF42D /* Stone-Bridging-Header.h */,
				B327B30FE75F33C0EDBF37F5 /* StoneApp.swift */,
				A15BC918039DF628CC6C2961 /* Models */,
				E449E957FC3011385BF685C2 /* Services */,
				B0D486D0D7F5D74C56069CDC /* Views */,
			);
			path = Stone;
			sourceTree = "<group>";
		};
		D9ECE41236A1008847014D48 /* StoneTests */ = {
			isa = PBXGroup;
			children = (
				4E1ABCB26DDB3A1C7339580A /* RepoStoreSyncCredentialTests.swift */,
			);
			path = StoneTests;
			sourceTree = "<group>";
		};
		A15BC918039DF628CC6C2961 /* Models */ = {
			isa = PBXGroup;
			children = (
				C34F67C4EB118D7638B7FDFD /* Repo.swift */,
			);
			path = Models;
			sourceTree = "<group>";
		};
		B0D486D0D7F5D74C56069CDC /* Views */ = {
			isa = PBXGroup;
			children = (
				B381B11CAD790DF201810543 /* AddRepoView.swift */,
				E1B2028331DBACFDC79B3645 /* EditRemoteView.swift */,
				929ADAA2B0E5E4DDFA51199B /* RepoListView.swift */,
				D03A16783380AA7FE06F26BC /* RepoWebView.swift */,
				5E771500A11A5EAA00000002 /* SettingsView.swift */,
				76D528A1F250627ADF2E8367 /* GpcrEditView.swift */,
				2A4DFE84072A9434AFB1BB7D /* BuildIdentityView.swift */,
			);
			path = Views;
			sourceTree = "<group>";
		};
		C227466D6EBF2FF36215DE28 /* FossilBridge */ = {
			isa = PBXGroup;
			children = (
				E832ED8C0E3636A5D9DDEF11 /* StoneFossil.h */,
			);
			path = FossilBridge;
			sourceTree = "<group>";
		};
		E449E957FC3011385BF685C2 /* Services */ = {
			isa = PBXGroup;
			children = (
				6CD3D09FCE1513AC396ACAAC /* CredentialStore.swift */,
				4419D95C1A6CEC9A0602CE16 /* FossilEngine.swift */,
				5E771500A11A5EAA00000007 /* RemoteSession.swift */,
				CCECFED0E5D45BD3F63B711C /* RepoStore.swift */,
				A2C8DFAE73FE049A388C3317 /* GpcrEditClient.swift */,
				1858E564976384C5C2DEE5A7 /* PhraseRecognizer.swift */,
			);
			path = Services;
			sourceTree = "<group>";
		};
/* End PBXGroup section */

/* Begin PBXNativeTarget section */
		A84044D94B3AAA75AFBC785A /* Stone */ = {
			isa = PBXNativeTarget;
			buildConfigurationList = DD91E3612950828C44233F30 /* Build configuration list for PBXNativeTarget "Stone" */;
			buildPhases = (
				259D1AF1552537C5641BC614 /* Sources */,
				4D135B8B728C07BEB741FAFE /* Frameworks */,
				5E771500A11A5EAA00000006 /* Resources */,
			);
			buildRules = (
			);
			dependencies = (
			);
			name = Stone;
			packageProductDependencies = (
			);
			productName = Stone;
			productReference = 123DE962F50955B8D07A576F /* Stone.app */;
			productType = "com.apple.product-type.application";
		};
		6ED92F3344F0319355BE70B5 /* StoneTests */ = {
			isa = PBXNativeTarget;
			buildConfigurationList = BC5249DED06C6CFF08BA8AD1 /* Build configuration list for PBXNativeTarget "StoneTests" */;
			buildPhases = (
				D10E26C6DB14F5AEC29CCE77 /* Sources */,
				08396AAB9B277887D45B876C /* Frameworks */,
			);
			buildRules = (
			);
			dependencies = (
				6C2583BDF442ECF88F115895 /* PBXTargetDependency */,
			);
			name = StoneTests;
			packageProductDependencies = (
			);
			productName = StoneTests;
			productReference = D62D5B0A5BBCBDA017DF842B /* StoneTests.xctest */;
			productType = "com.apple.product-type.bundle.unit-test";
		};
/* End PBXNativeTarget section */

/* Begin PBXProject section */
		8631BC5990162C10C0F2F9F7 /* Project object */ = {
			isa = PBXProject;
			attributes = {
				BuildIndependentTargetsInParallel = YES;
				LastUpgradeCheck = 1430;
				TargetAttributes = {
					6ED92F3344F0319355BE70B5 = {
						TestTargetID = A84044D94B3AAA75AFBC785A;
					};
				};
			};
			buildConfigurationList = 42020E3AC92EB5ACB3D6F263 /* Build configuration list for PBXProject "Stone" */;
			compatibilityVersion = "Xcode 14.0";
			developmentRegion = en;
			hasScannedForEncodings = 0;
			knownRegions = (
				Base,
				en,
			);
			mainGroup = 087B7F199963E3FF9928A533;
			minimizedProjectReferenceProxies = 1;
			preferredProjectObjectVersion = 54;
			projectDirPath = "";
			projectRoot = "";
			targets = (
				A84044D94B3AAA75AFBC785A /* Stone */,
				6ED92F3344F0319355BE70B5 /* StoneTests */,
			);
		};
/* End PBXProject section */

/* Begin PBXSourcesBuildPhase section */
		259D1AF1552537C5641BC614 /* Sources */ = {
			isa = PBXSourcesBuildPhase;
			buildActionMask = 2147483647;
			files = (
				79DE7AE7C2E75D34EB445476 /* AddRepoView.swift in Sources */,
				F256872F96B8DC6658F6B7E7 /* EditRemoteView.swift in Sources */,
				768E869C09E867CD115CDEA7 /* CredentialStore.swift in Sources */,
				34713C51DF26811D2DDA56FE /* FossilEngine.swift in Sources */,
				0EA6A88FE68640E6ED7F6807 /* Repo.swift in Sources */,
				3CFA09B0F5D843B2B6F6F8CE /* RepoListView.swift in Sources */,
				A5F4E90DBE08A2A6963EF69E /* RepoStore.swift in Sources */,
				5E771500A11A5EAA00000005 /* RemoteSession.swift in Sources */,
				8789F77DDA3470524DD8B778 /* RepoWebView.swift in Sources */,
				5E771500A11A5EAA00000001 /* SettingsView.swift in Sources */,
				C1834116F1706E7EDCFE4453 /* StoneApp.swift in Sources */,
				F33BB7558B0F18E48B07814C /* GpcrEditClient.swift in Sources */,
				90E2445BED37E2BD6DD43370 /* PhraseRecognizer.swift in Sources */,
				058A00114029F0A4BA45822F /* GpcrEditView.swift in Sources */,
				B19F241881A9D6F172D0661C /* BuildIdentityView.swift in Sources */,
			);
			runOnlyForDeploymentPostprocessing = 0;
		};
		D10E26C6DB14F5AEC29CCE77 /* Sources */ = {
			isa = PBXSourcesBuildPhase;
			buildActionMask = 2147483647;
			files = (
				A1F0552BF88DCFFB3254E68B /* RepoStoreSyncCredentialTests.swift in Sources */,
			);
			runOnlyForDeploymentPostprocessing = 0;
		};
/* End PBXSourcesBuildPhase section */

/* Begin PBXTargetDependency section */
		6C2583BDF442ECF88F115895 /* PBXTargetDependency */ = {
			isa = PBXTargetDependency;
			target = A84044D94B3AAA75AFBC785A /* Stone */;
			targetProxy = D87E5DE955B11BD280A11B8F /* PBXContainerItemProxy */;
		};
/* End PBXTargetDependency section */

/* Begin XCBuildConfiguration section */
		0B565D7B650B81F5F9F2C653 /* Debug */ = {
			isa = XCBuildConfiguration;
			buildSettings = {
				ALWAYS_SEARCH_USER_PATHS = NO;
				CLANG_ANALYZER_NONNULL = YES;
				CLANG_ANALYZER_NUMBER_OBJECT_CONVERSION = YES_AGGRESSIVE;
				CLANG_CXX_LANGUAGE_STANDARD = "gnu++14";
				CLANG_CXX_LIBRARY = "libc++";
				CLANG_ENABLE_MODULES = YES;
				CLANG_ENABLE_OBJC_ARC = YES;
				CLANG_ENABLE_OBJC_WEAK = YES;
				CLANG_WARN_BLOCK_CAPTURE_AUTORELEASING = YES;
				CLANG_WARN_BOOL_CONVERSION = YES;
				CLANG_WARN_COMMA = YES;
				CLANG_WARN_CONSTANT_CONVERSION = YES;
				CLANG_WARN_DEPRECATED_OBJC_IMPLEMENTATIONS = YES;
				CLANG_WARN_DIRECT_OBJC_ISA_USAGE = YES_ERROR;
				CLANG_WARN_DOCUMENTATION_COMMENTS = YES;
				CLANG_WARN_EMPTY_BODY = YES;
				CLANG_WARN_ENUM_CONVERSION = YES;
				CLANG_WARN_INFINITE_RECURSION = YES;
				CLANG_WARN_INT_CONVERSION = YES;
				CLANG_WARN_NON_LITERAL_NULL_CONVERSION = YES;
				CLANG_WARN_OBJC_IMPLICIT_RETAIN_SELF = YES;
				CLANG_WARN_OBJC_LITERAL_CONVERSION = YES;
				CLANG_WARN_OBJC_ROOT_CLASS = YES_ERROR;
				CLANG_WARN_QUOTED_INCLUDE_IN_FRAMEWORK_HEADER = YES;
				CLANG_WARN_RANGE_LOOP_ANALYSIS = YES;
				CLANG_WARN_STRICT_PROTOTYPES = YES;
				CLANG_WARN_SUSPICIOUS_MOVE = YES;
				CLANG_WARN_UNGUARDED_AVAILABILITY = YES_AGGRESSIVE;
				CLANG_WARN_UNREACHABLE_CODE = YES;
				CLANG_WARN__DUPLICATE_METHOD_MATCH = YES;
				COPY_PHASE_STRIP = NO;
				DEBUG_INFORMATION_FORMAT = dwarf;
				ENABLE_STRICT_OBJC_MSGSEND = YES;
				ENABLE_TESTABILITY = YES;
				ENABLE_USER_SCRIPT_SANDBOXING = NO;
				GCC_C_LANGUAGE_STANDARD = gnu11;
				GCC_DYNAMIC_NO_PIC = NO;
				GCC_NO_COMMON_BLOCKS = YES;
				GCC_OPTIMIZATION_LEVEL = 0;
				GCC_PREPROCESSOR_DEFINITIONS = (
					"$(inherited)",
					"DEBUG=1",
				);
				GCC_WARN_64_TO_32_BIT_CONVERSION = YES;
				GCC_WARN_ABOUT_RETURN_TYPE = YES_ERROR;
				GCC_WARN_UNDECLARED_SELECTOR = YES;
				GCC_WARN_UNINITIALIZED_AUTOS = YES_AGGRESSIVE;
				GCC_WARN_UNUSED_FUNCTION = YES;
				GCC_WARN_UNUSED_VARIABLE = YES;
				IPHONEOS_DEPLOYMENT_TARGET = 17.0;
				MTL_ENABLE_DEBUG_INFO = INCLUDE_SOURCE;
				MTL_FAST_MATH = YES;
				ONLY_ACTIVE_ARCH = YES;
				PRODUCT_NAME = "$(TARGET_NAME)";
				SDKROOT = iphoneos;
				SWIFT_ACTIVE_COMPILATION_CONDITIONS = DEBUG;
				SWIFT_OPTIMIZATION_LEVEL = "-Onone";
				SWIFT_VERSION = 5.9;
			};
			name = Debug;
		};
		316EB30D69653FB41DC1FB88 /* Debug */ = {
			isa = XCBuildConfiguration;
			buildSettings = {
				ASSETCATALOG_COMPILER_APPICON_NAME = AppIcon;
				CODE_SIGN_IDENTITY = "Apple Development";
				CODE_SIGN_STYLE = Automatic;
				DEVELOPMENT_TEAM = BWWLLRK896;
				FRAMEWORK_SEARCH_PATHS = (
					"$(inherited)",
					"\"Frameworks\"",
				);
				HEADER_SEARCH_PATHS = (
					"$(SRCROOT)/FossilBridge",
				);
				INFOPLIST_FILE = Stone/Info.plist;
				LD_RUNPATH_SEARCH_PATHS = (
					"$(inherited)",
					"@executable_path/Frameworks",
				);
				PRODUCT_BUNDLE_IDENTIFIER = org.beagleboard.stone;
				SDKROOT = iphoneos;
				SWIFT_OBJC_BRIDGING_HEADER = "Stone/Stone-Bridging-Header.h";
				TARGETED_DEVICE_FAMILY = 1;
			};
			name = Debug;
		};
		816E6D4567388374C7F0A335 /* Release */ = {
			isa = XCBuildConfiguration;
			buildSettings = {
				ALWAYS_SEARCH_USER_PATHS = NO;
				CLANG_ANALYZER_NONNULL = YES;
				CLANG_ANALYZER_NUMBER_OBJECT_CONVERSION = YES_AGGRESSIVE;
				CLANG_CXX_LANGUAGE_STANDARD = "gnu++14";
				CLANG_CXX_LIBRARY = "libc++";
				CLANG_ENABLE_MODULES = YES;
				CLANG_ENABLE_OBJC_ARC = YES;
				CLANG_ENABLE_OBJC_WEAK = YES;
				CLANG_WARN_BLOCK_CAPTURE_AUTORELEASING = YES;
				CLANG_WARN_BOOL_CONVERSION = YES;
				CLANG_WARN_COMMA = YES;
				CLANG_WARN_CONSTANT_CONVERSION = YES;
				CLANG_WARN_DEPRECATED_OBJC_IMPLEMENTATIONS = YES;
				CLANG_WARN_DIRECT_OBJC_ISA_USAGE = YES_ERROR;
				CLANG_WARN_DOCUMENTATION_COMMENTS = YES;
				CLANG_WARN_EMPTY_BODY = YES;
				CLANG_WARN_ENUM_CONVERSION = YES;
				CLANG_WARN_INFINITE_RECURSION = YES;
				CLANG_WARN_INT_CONVERSION = YES;
				CLANG_WARN_NON_LITERAL_NULL_CONVERSION = YES;
				CLANG_WARN_OBJC_IMPLICIT_RETAIN_SELF = YES;
				CLANG_WARN_OBJC_LITERAL_CONVERSION = YES;
				CLANG_WARN_OBJC_ROOT_CLASS = YES_ERROR;
				CLANG_WARN_QUOTED_INCLUDE_IN_FRAMEWORK_HEADER = YES;
				CLANG_WARN_RANGE_LOOP_ANALYSIS = YES;
				CLANG_WARN_STRICT_PROTOTYPES = YES;
				CLANG_WARN_SUSPICIOUS_MOVE = YES;
				CLANG_WARN_UNGUARDED_AVAILABILITY = YES_AGGRESSIVE;
				CLANG_WARN_UNREACHABLE_CODE = YES;
				CLANG_WARN__DUPLICATE_METHOD_MATCH = YES;
				COPY_PHASE_STRIP = NO;
				DEBUG_INFORMATION_FORMAT = "dwarf-with-dsym";
				ENABLE_NS_ASSERTIONS = NO;
				ENABLE_STRICT_OBJC_MSGSEND = YES;
				ENABLE_USER_SCRIPT_SANDBOXING = NO;
				GCC_C_LANGUAGE_STANDARD = gnu11;
				GCC_NO_COMMON_BLOCKS = YES;
				GCC_WARN_64_TO_32_BIT_CONVERSION = YES;
				GCC_WARN_ABOUT_RETURN_TYPE = YES_ERROR;
				GCC_WARN_UNDECLARED_SELECTOR = YES;
				GCC_WARN_UNINITIALIZED_AUTOS = YES_AGGRESSIVE;
				GCC_WARN_UNUSED_FUNCTION = YES;
				GCC_WARN_UNUSED_VARIABLE = YES;
				IPHONEOS_DEPLOYMENT_TARGET = 17.0;
				MTL_ENABLE_DEBUG_INFO = NO;
				MTL_FAST_MATH = YES;
				PRODUCT_NAME = "$(TARGET_NAME)";
				SDKROOT = iphoneos;
				SWIFT_COMPILATION_MODE = wholemodule;
				SWIFT_OPTIMIZATION_LEVEL = "-O";
				SWIFT_VERSION = 5.9;
			};
			name = Release;
		};
		B2040455476B664A13157B2A /* Release */ = {
			isa = XCBuildConfiguration;
			buildSettings = {
				ASSETCATALOG_COMPILER_APPICON_NAME = AppIcon;
				CODE_SIGN_IDENTITY = "Apple Development";
				CODE_SIGN_STYLE = Automatic;
				DEVELOPMENT_TEAM = BWWLLRK896;
				FRAMEWORK_SEARCH_PATHS = (
					"$(inherited)",
					"\"Frameworks\"",
				);
				HEADER_SEARCH_PATHS = (
					"$(SRCROOT)/FossilBridge",
				);
				INFOPLIST_FILE = Stone/Info.plist;
				LD_RUNPATH_SEARCH_PATHS = (
					"$(inherited)",
					"@executable_path/Frameworks",
				);
				PRODUCT_BUNDLE_IDENTIFIER = org.beagleboard.stone;
				SDKROOT = iphoneos;
				SWIFT_OBJC_BRIDGING_HEADER = "Stone/Stone-Bridging-Header.h";
				TARGETED_DEVICE_FAMILY = 1;
			};
			name = Release;
		};
		3664B0261FDB232CBA37C642 /* Debug */ = {
			isa = XCBuildConfiguration;
			buildSettings = {
				BUNDLE_LOADER = "$(TEST_HOST)";
				CODE_SIGN_STYLE = Automatic;
				DEVELOPMENT_TEAM = BWWLLRK896;
				GENERATE_INFOPLIST_FILE = YES;
				IPHONEOS_DEPLOYMENT_TARGET = 17.0;
				PRODUCT_BUNDLE_IDENTIFIER = "org.beagleboard.stone.StoneTests";
				PRODUCT_NAME = "$(TARGET_NAME)";
				SDKROOT = iphoneos;
				SWIFT_VERSION = 5.9;
				TARGETED_DEVICE_FAMILY = 1;
				TEST_HOST = "$(BUILT_PRODUCTS_DIR)/Stone.app/Stone";
			};
			name = Debug;
		};
		0B279B5B0A8D4A56E73E8F11 /* Release */ = {
			isa = XCBuildConfiguration;
			buildSettings = {
				BUNDLE_LOADER = "$(TEST_HOST)";
				CODE_SIGN_STYLE = Automatic;
				DEVELOPMENT_TEAM = BWWLLRK896;
				GENERATE_INFOPLIST_FILE = YES;
				IPHONEOS_DEPLOYMENT_TARGET = 17.0;
				PRODUCT_BUNDLE_IDENTIFIER = "org.beagleboard.stone.StoneTests";
				PRODUCT_NAME = "$(TARGET_NAME)";
				SDKROOT = iphoneos;
				SWIFT_VERSION = 5.9;
				TARGETED_DEVICE_FAMILY = 1;
				TEST_HOST = "$(BUILT_PRODUCTS_DIR)/Stone.app/Stone";
			};
			name = Release;
		};
/* End XCBuildConfiguration section */

/* Begin XCConfigurationList section */
		42020E3AC92EB5ACB3D6F263 /* Build configuration list for PBXProject "Stone" */ = {
			isa = XCConfigurationList;
			buildConfigurations = (
				0B565D7B650B81F5F9F2C653 /* Debug */,
				816E6D4567388374C7F0A335 /* Release */,
			);
			defaultConfigurationIsVisible = 0;
			defaultConfigurationName = Debug;
		};
		DD91E3612950828C44233F30 /* Build configuration list for PBXNativeTarget "Stone" */ = {
			isa = XCConfigurationList;
			buildConfigurations = (
				316EB30D69653FB41DC1FB88 /* Debug */,
				B2040455476B664A13157B2A /* Release */,
			);
			defaultConfigurationIsVisible = 0;
			defaultConfigurationName = Debug;
		};
		BC5249DED06C6CFF08BA8AD1 /* Build configuration list for PBXNativeTarget "StoneTests" */ = {
			isa = XCConfigurationList;
			buildConfigurations = (
				3664B0261FDB232CBA37C642 /* Debug */,
				0B279B5B0A8D4A56E73E8F11 /* Release */,
			);
			defaultConfigurationIsVisible = 0;
			defaultConfigurationName = Debug;
		};
/* End XCConfigurationList section */
	};
	rootObject = 8631BC5990162C10C0F2F9F7 /* Project object */;
}
